github.com/lukechampine/randmap v0.0.0-20161125183226-9e3c222d0413 h1:tysX0ocX3VYPAW06M8E5sEkRzr+7ygS162QpIi/N3hI=
github.com/lukechampine/randmap v0.0.0-20161125183226-9e3c222d0413/go.mod h1:CDBUzfMMkesqPDGmuMzuDrzBd2069GPe4wMJ3FC2sEw=
github.com/minio/blake2b-simd v0.0.0-20160723061019-3f5f724cb5b1 h1:lYpkrQH5ajf0OXOcUbGjvZxxijuBwbbmlSxLiuofa+g=
github.com/minio/blake2b-simd v0.0.0-20160723061019-3f5f724cb5b1/go.mod h1:pD8RvIylQ358TN4wwqatJ8rNavkEINozVn9DtGI3dfQ=
